{
    "_readme": [
        "This file locks the dependencies of your project to a known state",
        "Read more about it at https://getcomposer.org/doc/01-basic-usage.md#composer-lock-the-lock-file",
        "This file is @generated automatically"
    ],
    "hash": "e1d1d00adcf036f6bdcacda9afe9712d",
    "content-hash": "7f04045233a3543b0af75bcbd1d63e8c",
    "packages": [
        {
            "name": "filp/whoops",
            "version": "1.1.2",
            "source": {
                "type": "git",
                "url": "https://github.com/filp/whoops.git",
                "reference": "9f451fbc7b8cad5e71300672c340c28c6bec09ff"
            },
            "dist": {
                "type": "zip",
                "url": "https://api.github.com/repos/filp/whoops/zipball/9f451fbc7b8cad5e71300672c340c28c6bec09ff",
                "reference": "9f451fbc7b8cad5e71300672c340c28c6bec09ff",
                "shasum": ""
            },
            "require": {
                "php": ">=5.3.0"
            },
            "require-dev": {
                "mockery/mockery": "0.9.*"
            },
            "type": "library",
            "extra": {
                "branch-alias": {
                    "dev-master": "1.2-dev"
                }
            },
            "autoload": {
                "psr-0": {
                    "Whoops": "src/"
                },
                "classmap": [
                    "src/deprecated"
                ]
            },
            "notification-url": "https://packagist.org/downloads/",
            "license": [
                "MIT"
            ],
            "authors": [
                {
                    "name": "Filipe Dobreira",
                    "homepage": "https://github.com/filp",
                    "role": "Developer"
                }
            ],
            "description": "php error handling for cool kids",
            "homepage": "https://github.com/filp/whoops",
            "keywords": [
                "error",
                "exception",
                "handling",
                "library",
                "silex-provider",
                "whoops",
                "zf2"
            ],
            "time": "2014-07-11 05:56:54"
        },
        {
            "name": "illuminate/container",
            "version": "v5.1.20",
            "source": {
                "type": "git",
                "url": "https://github.com/illuminate/container.git",
                "reference": "4ecdb3df4de7a4587914f44c8e3a129a12ba6eb4"
            },
            "dist": {
                "type": "zip",
                "url": "https://api.github.com/repos/illuminate/container/zipball/4ecdb3df4de7a4587914f44c8e3a129a12ba6eb4",
                "reference": "4ecdb3df4de7a4587914f44c8e3a129a12ba6eb4",
                "shasum": ""
            },
            "require": {
                "illuminate/contracts": "5.1.*",
                "php": ">=5.5.9"
            },
            "type": "library",
            "extra": {
                "branch-alias": {
                    "dev-master": "5.1-dev"
                }
            },
            "autoload": {
                "psr-4": {
                    "Illuminate\\Container\\": ""
                }
            },
            "notification-url": "https://packagist.org/downloads/",
            "license": [
                "MIT"
            ],
            "authors": [
                {
                    "name": "Taylor Otwell",
                    "email": "taylorotwell@gmail.com"
                }
            ],
            "description": "The Illuminate Container package.",
            "homepage": "http://laravel.com",
            "time": "2015-09-24 11:16:48"
        },
        {
            "name": "illuminate/contracts",
            "version": "v5.1.20",
            "source": {
                "type": "git",
                "url": "https://github.com/illuminate/contracts.git",
                "reference": "e2b71fdbeeb3438748dca5f497e205888788a883"
            },
            "dist": {
                "type": "zip",
                "url": "https://api.github.com/repos/illuminate/contracts/zipball/e2b71fdbeeb3438748dca5f497e205888788a883",
                "reference": "e2b71fdbeeb3438748dca5f497e205888788a883",
                "shasum": ""
            },
            "require": {
                "php": ">=5.5.9"
            },
            "type": "library",
            "extra": {
                "branch-alias": {
                    "dev-master": "5.1-dev"
                }
            },
            "autoload": {
                "psr-4": {
                    "Illuminate\\Contracts\\": ""
                }
            },
            "notification-url": "https://packagist.org/downloads/",
            "license": [
                "MIT"
            ],
            "authors": [
                {
                    "name": "Taylor Otwell",
                    "email": "taylorotwell@gmail.com"
                }
            ],
            "description": "The Illuminate Contracts package.",
            "homepage": "http://laravel.com",
            "time": "2015-09-24 11:16:48"
        },
        {
            "name": "slim/slim",
            "version": "2.6.2",
            "source": {
                "type": "git",
                "url": "https://github.com/slimphp/Slim.git",
                "reference": "20a02782f76830b67ae56a5c08eb1f563c351a37"
            },
            "dist": {
                "type": "zip",
                "url": "https://api.github.com/repos/slimphp/Slim/zipball/20a02782f76830b67ae56a5c08eb1f563c351a37",
                "reference": "20a02782f76830b67ae56a5c08eb1f563c351a37",
                "shasum": ""
            },
            "require": {
                "php": ">=5.3.0"
            },
            "suggest": {
                "ext-mcrypt": "Required for HTTP cookie encryption"
            },
            "type": "library",
            "autoload": {
                "psr-0": {
                    "Slim": "."
                }
            },
            "notification-url": "https://packagist.org/downloads/",
            "license": [
                "MIT"
            ],
            "authors": [
                {
                    "name": "Josh Lockhart",
                    "email": "info@joshlockhart.com",
                    "homepage": "http://www.joshlockhart.com/"
                }
            ],
            "description": "Slim Framework, a PHP micro framework",
            "homepage": "http://github.com/codeguy/Slim",
            "keywords": [
                "microframework",
                "rest",
                "router"
            ],
            "time": "2015-03-08 18:41:17"
        },
        {
            "name": "zeuxisoo/slim-whoops",
            "version": "0.2.0",
            "source": {
                "type": "git",
                "url": "https://github.com/zeuxisoo/php-slim-whoops.git",
                "reference": "189d6f8907e0f78d18513bb14897a91dd68a423f"
            },
            "dist": {
                "type": "zip",
                "url": "https://api.github.com/repos/zeuxisoo/php-slim-whoops/zipball/189d6f8907e0f78d18513bb14897a91dd68a423f",
                "reference": "189d6f8907e0f78d18513bb14897a91dd68a423f",
                "shasum": ""
            },
            "require": {
                "php": ">=5.3.0"
            },
            "require-dev": {
                "filp/whoops": "1.*",
                "phpunit/phpunit": "3.7.*@dev",
                "slim/slim": "2.*"
            },
            "type": "library",
            "autoload": {
                "psr-0": {
                    "Zeuxisoo\\Whoops\\Provider\\Slim\\WhoopsMiddleware": "src/"
                }
            },
            "notification-url": "https://packagist.org/downloads/",
            "license": [
                "BSD-2-Clause"
            ],
            "authors": [
                {
                    "name": "Zeuxis.Lo",
                    "email": "seekstudio@gmail.com",
                    "homepage": "http://www.chair.im/",
                    "role": "Developer"
                }
            ],
            "description": "PHP whoops error on slim framework",
            "homepage": "https://github.com/zeuxisoo/php-slim-whoops/",
            "keywords": [
                "error",
                "exception",
                "slim",
                "whoops"
            ],
            "time": "2014-04-02 04:57:23"
        }
    ],
    "packages-dev": [],
    "aliases": [],
    "minimum-stability": "stable",
    "stability-flags": [],
    "prefer-stable": false,
    "prefer-lowest": false,
    "platform": [],
    "platform-dev": []
}
