{
    "_readme": [
        "This file locks the dependencies of your project to a known state",
        "Read more about it at https://getcomposer.org/doc/01-basic-usage.md#composer-lock-the-lock-file",
        "This file is @generated automatically"
    ],
    "hash": "94f5a709554e63698aaeed63c43c76b1",
    "content-hash": "215376622ab632f994c57b1570e30833",
    "packages": [
        {
            "name": "danielstjules/stringy",
            "version": "1.10.0",
            "source": {
                "type": "git",
                "url": "https://github.com/danielstjules/Stringy.git",
                "reference": "4749c205db47ee5b32e8d1adf6d9aff8db6caf3b"
            },
            "dist": {
                "type": "zip",
                "url": "https://api.github.com/repos/danielstjules/Stringy/zipball/4749c205db47ee5b32e8d1adf6d9aff8db6caf3b",
                "reference": "4749c205db47ee5b32e8d1adf6d9aff8db6caf3b",
                "shasum": ""
            },
            "require": {
                "ext-mbstring": "*",
                "php": ">=5.3.0"
            },
            "require-dev": {
                "phpunit/phpunit": "~4.0"
            },
            "type": "library",
            "autoload": {
                "psr-4": {
                    "Stringy\\": "src/"
                },
                "files": [
                    "src/Create.php"
                ]
            },
            "notification-url": "https://packagist.org/downloads/",
            "license": [
                "MIT"
            ],
            "authors": [
                {
                    "name": "Daniel St. Jules",
                    "email": "danielst.jules@gmail.com",
                    "homepage": "http://www.danielstjules.com"
                }
            ],
            "description": "A string manipulation library with multibyte support",
            "homepage": "https://github.com/danielstjules/Stringy",
            "keywords": [
                "UTF",
                "helpers",
                "manipulation",
                "methods",
                "multibyte",
                "string",
                "utf-8",
                "utility",
                "utils"
            ],
            "time": "2015-07-23 00:54:12"
        },
        {
            "name": "doctrine/inflector",
            "version": "v1.1.0",
            "source": {
                "type": "git",
                "url": "https://github.com/doctrine/inflector.git",
                "reference": "90b2128806bfde671b6952ab8bea493942c1fdae"
            },
            "dist": {
                "type": "zip",
                "url": "https://api.github.com/repos/doctrine/inflector/zipball/90b2128806bfde671b6952ab8bea493942c1fdae",
                "reference": "90b2128806bfde671b6952ab8bea493942c1fdae",
                "shasum": ""
            },
            "require": {
                "php": ">=5.3.2"
            },
            "require-dev": {
                "phpunit/phpunit": "4.*"
            },
            "type": "library",
            "extra": {
                "branch-alias": {
                    "dev-master": "1.1.x-dev"
                }
            },
            "autoload": {
                "psr-0": {
                    "Doctrine\\Common\\Inflector\\": "lib/"
                }
            },
            "notification-url": "https://packagist.org/downloads/",
            "license": [
                "MIT"
            ],
            "authors": [
                {
                    "name": "Roman Borschel",
                    "email": "roman@code-factory.org"
                },
                {
                    "name": "Benjamin Eberlei",
                    "email": "kontakt@beberlei.de"
                },
                {
                    "name": "Guilherme Blanco",
                    "email": "guilhermeblanco@gmail.com"
                },
                {
                    "name": "Jonathan Wage",
                    "email": "jonwage@gmail.com"
                },
                {
                    "name": "Johannes Schmitt",
                    "email": "schmittjoh@gmail.com"
                }
            ],
            "description": "Common String Manipulations with regard to casing and singular/plural rules.",
            "homepage": "http://www.doctrine-project.org",
            "keywords": [
                "inflection",
                "pluralize",
                "singularize",
                "string"
            ],
            "time": "2015-11-06 14:35:42"
        },
        {
            "name": "filp/whoops",
            "version": "1.1.2",
            "source": {
                "type": "git",
                "url": "https://github.com/filp/whoops.git",
                "reference": "9f451fbc7b8cad5e71300672c340c28c6bec09ff"
            },
            "dist": {
                "type": "zip",
                "url": "https://api.github.com/repos/filp/whoops/zipball/9f451fbc7b8cad5e71300672c340c28c6bec09ff",
                "reference": "9f451fbc7b8cad5e71300672c340c28c6bec09ff",
                "shasum": ""
            },
            "require": {
                "php": ">=5.3.0"
            },
            "require-dev": {
                "mockery/mockery": "0.9.*"
            },
            "type": "library",
            "extra": {
                "branch-alias": {
                    "dev-master": "1.2-dev"
                }
            },
            "autoload": {
                "psr-0": {
                    "Whoops": "src/"
                },
                "classmap": [
                    "src/deprecated"
                ]
            },
            "notification-url": "https://packagist.org/downloads/",
            "license": [
                "MIT"
            ],
            "authors": [
                {
                    "name": "Filipe Dobreira",
                    "homepage": "https://github.com/filp",
                    "role": "Developer"
                }
            ],
            "description": "php error handling for cool kids",
            "homepage": "https://github.com/filp/whoops",
            "keywords": [
                "error",
                "exception",
                "handling",
                "library",
                "silex-provider",
                "whoops",
                "zf2"
            ],
            "time": "2014-07-11 05:56:54"
        },
        {
            "name": "illuminate/contracts",
            "version": "v5.1.22",
            "source": {
                "type": "git",
                "url": "https://github.com/illuminate/contracts.git",
                "reference": "e2b71fdbeeb3438748dca5f497e205888788a883"
            },
            "dist": {
                "type": "zip",
                "url": "https://api.github.com/repos/illuminate/contracts/zipball/e2b71fdbeeb3438748dca5f497e205888788a883",
                "reference": "e2b71fdbeeb3438748dca5f497e205888788a883",
                "shasum": ""
            },
            "require": {
                "php": ">=5.5.9"
            },
            "type": "library",
            "extra": {
                "branch-alias": {
                    "dev-master": "5.1-dev"
                }
            },
            "autoload": {
                "psr-4": {
                    "Illuminate\\Contracts\\": ""
                }
            },
            "notification-url": "https://packagist.org/downloads/",
            "license": [
                "MIT"
            ],
            "authors": [
                {
                    "name": "Taylor Otwell",
                    "email": "taylorotwell@gmail.com"
                }
            ],
            "description": "The Illuminate Contracts package.",
            "homepage": "http://laravel.com",
            "time": "2015-09-24 11:16:48"
        },
        {
            "name": "illuminate/log",
            "version": "v5.1.22",
            "source": {
                "type": "git",
                "url": "https://github.com/illuminate/log.git",
                "reference": "e9da93b36b196cda942fbb0305d85a7aba6c8f39"
            },
            "dist": {
                "type": "zip",
                "url": "https://api.github.com/repos/illuminate/log/zipball/e9da93b36b196cda942fbb0305d85a7aba6c8f39",
                "reference": "e9da93b36b196cda942fbb0305d85a7aba6c8f39",
                "shasum": ""
            },
            "require": {
                "illuminate/contracts": "5.1.*",
                "illuminate/support": "5.1.*",
                "monolog/monolog": "~1.11",
                "php": ">=5.5.9"
            },
            "type": "library",
            "extra": {
                "branch-alias": {
                    "dev-master": "5.1-dev"
                }
            },
            "autoload": {
                "psr-4": {
                    "Illuminate\\Log\\": ""
                }
            },
            "notification-url": "https://packagist.org/downloads/",
            "license": [
                "MIT"
            ],
            "authors": [
                {
                    "name": "Taylor Otwell",
                    "email": "taylorotwell@gmail.com"
                }
            ],
            "description": "The Illuminate Log package.",
            "homepage": "http://laravel.com",
            "time": "2015-10-19 06:01:02"
        },
        {
            "name": "illuminate/support",
            "version": "v5.1.22",
            "source": {
                "type": "git",
                "url": "https://github.com/illuminate/support.git",
                "reference": "d52a832d3f4b025b82f954cbdef8ee24f6a77e77"
            },
            "dist": {
                "type": "zip",
                "url": "https://api.github.com/repos/illuminate/support/zipball/d52a832d3f4b025b82f954cbdef8ee24f6a77e77",
                "reference": "d52a832d3f4b025b82f954cbdef8ee24f6a77e77",
                "shasum": ""
            },
            "require": {
                "danielstjules/stringy": "~1.8",
                "doctrine/inflector": "~1.0",
                "ext-mbstring": "*",
                "illuminate/contracts": "5.1.*",
                "php": ">=5.5.9"
            },
            "suggest": {
                "jeremeamia/superclosure": "Required to be able to serialize closures (~2.0).",
                "paragonie/random_compat": "Provides a compatible interface like PHP7's random_bytes() in PHP 5 projects (^1.0.6).",
                "symfony/var-dumper": "Required to use the dd function (2.7.*)."
            },
            "type": "library",
            "extra": {
                "branch-alias": {
                    "dev-master": "5.1-dev"
                }
            },
            "autoload": {
                "psr-4": {
                    "Illuminate\\Support\\": ""
                },
                "files": [
                    "helpers.php"
                ]
            },
            "notification-url": "https://packagist.org/downloads/",
            "license": [
                "MIT"
            ],
            "authors": [
                {
                    "name": "Taylor Otwell",
                    "email": "taylorotwell@gmail.com"
                }
            ],
            "description": "The Illuminate Support package.",
            "homepage": "http://laravel.com",
            "time": "2015-10-19 06:01:02"
        },
        {
            "name": "monolog/monolog",
            "version": "1.17.2",
            "source": {
                "type": "git",
                "url": "https://github.com/Seldaek/monolog.git",
                "reference": "bee7f0dc9c3e0b69a6039697533dca1e845c8c24"
            },
            "dist": {
                "type": "zip",
                "url": "https://api.github.com/repos/Seldaek/monolog/zipball/bee7f0dc9c3e0b69a6039697533dca1e845c8c24",
                "reference": "bee7f0dc9c3e0b69a6039697533dca1e845c8c24",
                "shasum": ""
            },
            "require": {
                "php": ">=5.3.0",
                "psr/log": "~1.0"
            },
            "provide": {
                "psr/log-implementation": "1.0.0"
            },
            "require-dev": {
                "aws/aws-sdk-php": "^2.4.9",
                "doctrine/couchdb": "~1.0@dev",
                "graylog2/gelf-php": "~1.0",
                "jakub-onderka/php-parallel-lint": "0.9",
                "php-console/php-console": "^3.1.3",
                "phpunit/phpunit": "~4.5",
                "phpunit/phpunit-mock-objects": "2.3.0",
                "raven/raven": "^0.13",
                "ruflin/elastica": ">=0.90 <3.0",
                "swiftmailer/swiftmailer": "~5.3",
                "videlalvaro/php-amqplib": "~2.4"
            },
            "suggest": {
                "aws/aws-sdk-php": "Allow sending log messages to AWS services like DynamoDB",
                "doctrine/couchdb": "Allow sending log messages to a CouchDB server",
                "ext-amqp": "Allow sending log messages to an AMQP server (1.0+ required)",
                "ext-mongo": "Allow sending log messages to a MongoDB server",
                "graylog2/gelf-php": "Allow sending log messages to a GrayLog2 server",
                "php-console/php-console": "Allow sending log messages to Google Chrome",
                "raven/raven": "Allow sending log messages to a Sentry server",
                "rollbar/rollbar": "Allow sending log messages to Rollbar",
                "ruflin/elastica": "Allow sending log messages to an Elastic Search server",
                "videlalvaro/php-amqplib": "Allow sending log messages to an AMQP server using php-amqplib"
            },
            "type": "library",
            "extra": {
                "branch-alias": {
                    "dev-master": "1.16.x-dev"
                }
            },
            "autoload": {
                "psr-4": {
                    "Monolog\\": "src/Monolog"
                }
            },
            "notification-url": "https://packagist.org/downloads/",
            "license": [
                "MIT"
            ],
            "authors": [
                {
                    "name": "Jordi Boggiano",
                    "email": "j.boggiano@seld.be",
                    "homepage": "http://seld.be"
                }
            ],
            "description": "Sends your logs to files, sockets, inboxes, databases and various web services",
            "homepage": "http://github.com/Seldaek/monolog",
            "keywords": [
                "log",
                "logging",
                "psr-3"
            ],
            "time": "2015-10-14 12:51:02"
        },
        {
            "name": "psr/log",
            "version": "1.0.0",
            "source": {
                "type": "git",
                "url": "https://github.com/php-fig/log.git",
                "reference": "fe0936ee26643249e916849d48e3a51d5f5e278b"
            },
            "dist": {
                "type": "zip",
                "url": "https://api.github.com/repos/php-fig/log/zipball/fe0936ee26643249e916849d48e3a51d5f5e278b",
                "reference": "fe0936ee26643249e916849d48e3a51d5f5e278b",
                "shasum": ""
            },
            "type": "library",
            "autoload": {
                "psr-0": {
                    "Psr\\Log\\": ""
                }
            },
            "notification-url": "https://packagist.org/downloads/",
            "license": [
                "MIT"
            ],
            "authors": [
                {
                    "name": "PHP-FIG",
                    "homepage": "http://www.php-fig.org/"
                }
            ],
            "description": "Common interface for logging libraries",
            "keywords": [
                "log",
                "psr",
                "psr-3"
            ],
            "time": "2012-12-21 11:40:51"
        },
        {
            "name": "slim/slim",
            "version": "2.6.2",
            "source": {
                "type": "git",
                "url": "https://github.com/slimphp/Slim.git",
                "reference": "20a02782f76830b67ae56a5c08eb1f563c351a37"
            },
            "dist": {
                "type": "zip",
                "url": "https://api.github.com/repos/slimphp/Slim/zipball/20a02782f76830b67ae56a5c08eb1f563c351a37",
                "reference": "20a02782f76830b67ae56a5c08eb1f563c351a37",
                "shasum": ""
            },
            "require": {
                "php": ">=5.3.0"
            },
            "suggest": {
                "ext-mcrypt": "Required for HTTP cookie encryption"
            },
            "type": "library",
            "autoload": {
                "psr-0": {
                    "Slim": "."
                }
            },
            "notification-url": "https://packagist.org/downloads/",
            "license": [
                "MIT"
            ],
            "authors": [
                {
                    "name": "Josh Lockhart",
                    "email": "info@joshlockhart.com",
                    "homepage": "http://www.joshlockhart.com/"
                }
            ],
            "description": "Slim Framework, a PHP micro framework",
            "homepage": "http://github.com/codeguy/Slim",
            "keywords": [
                "microframework",
                "rest",
                "router"
            ],
            "time": "2015-03-08 18:41:17"
        },
        {
            "name": "zeuxisoo/slim-whoops",
            "version": "0.2.0",
            "source": {
                "type": "git",
                "url": "https://github.com/zeuxisoo/php-slim-whoops.git",
                "reference": "189d6f8907e0f78d18513bb14897a91dd68a423f"
            },
            "dist": {
                "type": "zip",
                "url": "https://api.github.com/repos/zeuxisoo/php-slim-whoops/zipball/189d6f8907e0f78d18513bb14897a91dd68a423f",
                "reference": "189d6f8907e0f78d18513bb14897a91dd68a423f",
                "shasum": ""
            },
            "require": {
                "php": ">=5.3.0"
            },
            "require-dev": {
                "filp/whoops": "1.*",
                "phpunit/phpunit": "3.7.*@dev",
                "slim/slim": "2.*"
            },
            "type": "library",
            "autoload": {
                "psr-0": {
                    "Zeuxisoo\\Whoops\\Provider\\Slim\\WhoopsMiddleware": "src/"
                }
            },
            "notification-url": "https://packagist.org/downloads/",
            "license": [
                "BSD-2-Clause"
            ],
            "authors": [
                {
                    "name": "Zeuxis.Lo",
                    "email": "seekstudio@gmail.com",
                    "homepage": "http://www.chair.im/",
                    "role": "Developer"
                }
            ],
            "description": "PHP whoops error on slim framework",
            "homepage": "https://github.com/zeuxisoo/php-slim-whoops/",
            "keywords": [
                "error",
                "exception",
                "slim",
                "whoops"
            ],
            "time": "2014-04-02 04:57:23"
        }
    ],
    "packages-dev": [],
    "aliases": [],
    "minimum-stability": "stable",
    "stability-flags": [],
    "prefer-stable": false,
    "prefer-lowest": false,
    "platform": [],
    "platform-dev": []
}
